// !$*UTF8*$!
{
	archiveVersion = 1;
	classes = {
	};
	objectVersion = 54;
	objects = {

/* Begin PBXBuildFile section */
		43B5D3F81D35473200D1E1FD /* ffiw64_x86_64.c in Sources */ = {isa = PBXBuildFile; fileRef = 43B5D3F71D35473200D1E1FD /* ffiw64_x86_64.c */; };
		43B5D3FA1D3547CE00D1E1FD /* win64_x86_64.S in Sources */ = {isa = PBXBuildFile; fileRef = 43B5D3F91D3547CE00D1E1FD /* win64_x86_64.S */; };
		43E9A5C71D352C1500926A8F /* sysv_i386.S in Sources */ = {isa = PBXBuildFile; fileRef = 43E9A5C51D352C1500926A8F /* sysv_i386.S */; };
		43E9A5C81D352C1500926A8F /* unix64_x86_64.S in Sources */ = {isa = PBXBuildFile; fileRef = 43E9A5C61D352C1500926A8F /* unix64_x86_64.S */; };
		DBFA714E187F1D8600A76262 /* closures.c in Sources */ = {isa = PBXBuildFile; fileRef = DBFA7143187F1D8600A76262 /* closures.c */; };
		DBFA7156187F1D8600A76262 /* prep_cif.c in Sources */ = {isa = PBXBuildFile; fileRef = DBFA7147187F1D8600A76262 /* prep_cif.c */; };
		DBFA7158187F1D8600A76262 /* raw_api.c in Sources */ = {isa = PBXBuildFile; fileRef = DBFA7148187F1D8600A76262 /* raw_api.c */; };
		DBFA715A187F1D8600A76262 /* types.c in Sources */ = {isa = PBXBuildFile; fileRef = DBFA7149187F1D8600A76262 /* types.c */; };
		DBFA7177187F1D9B00A76262 /* ffi_arm64.c in Sources */ = {isa = PBXBuildFile; fileRef = DBFA716C187F1D9B00A76262 /* ffi_arm64.c */; };
		DBFA7178187F1D9B00A76262 /* sysv_arm64.S in Sources */ = {isa = PBXBuildFile; fileRef = DBFA716D187F1D9B00A76262 /* sysv_arm64.S */; };
		DBFA7179187F1D9B00A76262 /* ffi_armv7.c in Sources */ = {isa = PBXBuildFile; fileRef = DBFA716F187F1D9B00A76262 /* ffi_armv7.c */; };
		DBFA717A187F1D9B00A76262 /* sysv_armv7.S in Sources */ = {isa = PBXBuildFile; fileRef = DBFA7170187F1D9B00A76262 /* sysv_armv7.S */; };
		DBFA717E187F1D9B00A76262 /* ffi64_x86_64.c in Sources */ = {isa = PBXBuildFile; fileRef = DBFA7175187F1D9B00A76262 /* ffi64_x86_64.c */; };
		DBFA717F187F1D9B00A76262 /* ffi_i386.c in Sources */ = {isa = PBXBuildFile; fileRef = DBFA7176187F1D9B00A76262 /* ffi_i386.c */; };
		FDB52FD01F614A8B00AA92E6 /* ffi.h in CopyFiles */ = {isa = PBXBuildFile; fileRef = DBFA713E187F1D8600A76262 /* ffi.h */; };
		FDB52FD11F614AA700AA92E6 /* ffi_arm64.h in CopyFiles */ = {isa = PBXBuildFile; fileRef = DBFA715E187F1D9B00A76262 /* ffi_arm64.h */; };
		FDB52FD21F614AAB00AA92E6 /* ffi_armv7.h in CopyFiles */ = {isa = PBXBuildFile; fileRef = DBFA715F187F1D9B00A76262 /* ffi_armv7.h */; };
		FDB52FD31F614AB000AA92E6 /* ffi_i386.h in CopyFiles */ = {isa = PBXBuildFile; fileRef = DBFA7160187F1D9B00A76262 /* ffi_i386.h */; };
		FDB52FD41F614AB500AA92E6 /* ffi_x86_64.h in CopyFiles */ = {isa = PBXBuildFile; fileRef = DBFA7161187F1D9B00A76262 /* ffi_x86_64.h */; };
		FDB52FD81F614B8700AA92E6 /* ffitarget.h in CopyFiles */ = {isa = PBXBuildFile; fileRef = DBFA7141187F1D8600A76262 /* ffitarget.h */; };
		FDB52FD91F614B8E00AA92E6 /* ffitarget_arm64.h in CopyFiles */ = {isa = PBXBuildFile; fileRef = DBFA7166187F1D9B00A76262 /* ffitarget_arm64.h */; };
		FDB52FDA1F614B9300AA92E6 /* ffitarget_armv7.h in CopyFiles */ = {isa = PBXBuildFile; fileRef = DBFA7167187F1D9B00A76262 /* ffitarget_armv7.h */; };
		FDB52FDB1F614B9700AA92E6 /* ffitarget_i386.h in CopyFiles */ = {isa = PBXBuildFile; fileRef = DBFA7168187F1D9B00A76262 /* ffitarget_i386.h */; };
		FDB52FDD1F614BA900AA92E6 /* ffitarget_x86_64.h in CopyFiles */ = {isa = PBXBuildFile; fileRef = DBFA7169187F1D9B00A76262 /* ffitarget_x86_64.h */; };
/* End PBXBuildFile section */

/* Begin PBXCopyFilesBuildPhase section */
		DB13B1641849DF1E0010F42D /* CopyFiles */ = {
			isa = PBXCopyFilesBuildPhase;
			buildActionMask = 12;
			dstPath = "include/$(PRODUCT_NAME)";
			dstSubfolderSpec = 16;
			files = (
				FDB52FD01F614A8B00AA92E6 /* ffi.h in CopyFiles */,
				FDB52FD11F614AA700AA92E6 /* ffi_arm64.h in CopyFiles */,
				FDB52FD21F614AAB00AA92E6 /* ffi_armv7.h in CopyFiles */,
				FDB52FD31F614AB000AA92E6 /* ffi_i386.h in CopyFiles */,
				FDB52FD41F614AB500AA92E6 /* ffi_x86_64.h in CopyFiles */,
				FDB52FD81F614B8700AA92E6 /* ffitarget.h in CopyFiles */,
				FDB52FD91F614B8E00AA92E6 /* ffitarget_arm64.h in CopyFiles */,
				FDB52FDA1F614B9300AA92E6 /* ffitarget_armv7.h in CopyFiles */,
				FDB52FDB1F614B9700AA92E6 /* ffitarget_i386.h in CopyFiles */,
				FDB52FDD1F614BA900AA92E6 /* ffitarget_x86_64.h in CopyFiles */,
			);
			runOnlyForDeploymentPostprocessing = 0;
		};
/* End PBXCopyFilesBuildPhase section */

/* Begin PBXFileReference section */
		43B5D3F71D35473200D1E1FD /* ffiw64_x86_64.c */ = {isa = PBXFileReference; fileEncoding = 4; lastKnownFileType = sourcecode.c.c; path = ffiw64_x86_64.c; sourceTree = "<group>"; };
		43B5D3F91D3547CE00D1E1FD /* win64_x86_64.S */ = {isa = PBXFileReference; fileEncoding = 4; lastKnownFileType = sourcecode.asm; path = win64_x86_64.S; sourceTree = "<group>"; };
		43E9A5C51D352C1500926A8F /* sysv_i386.S */ = {isa = PBXFileReference; fileEncoding = 4; lastKnownFileType = sourcecode.asm; path = sysv_i386.S; sourceTree = "<group>"; };
		43E9A5C61D352C1500926A8F /* unix64_x86_64.S */ = {isa = PBXFileReference; fileEncoding = 4; lastKnownFileType = sourcecode.asm; path = unix64_x86_64.S; sourceTree = "<group>"; };
		43E9A5DA1D35373600926A8F /* internal.h */ = {isa = PBXFileReference; fileEncoding = 4; lastKnownFileType = sourcecode.c.h; path = internal.h; sourceTree = "<group>"; };
		43E9A5DB1D35374400926A8F /* internal.h */ = {isa = PBXFileReference; fileEncoding = 4; lastKnownFileType = sourcecode.c.h; path = internal.h; sourceTree = "<group>"; };
		43E9A5DC1D35375400926A8F /* internal.h */ = {isa = PBXFileReference; fileEncoding = 4; lastKnownFileType = sourcecode.c.h; path = internal.h; sourceTree = "<group>"; };
		43E9A5DD1D35375400926A8F /* internal64.h */ = {isa = PBXFileReference; fileEncoding = 4; lastKnownFileType = sourcecode.c.h; path = internal64.h; sourceTree = "<group>"; };
		DB13B1661849DF1E0010F42D /* libffi.a */ = {isa = PBXFileReference; explicitFileType = archive.ar; includeInIndex = 0; path = libffi.a; sourceTree = BUILT_PRODUCTS_DIR; };
		DBFA713E187F1D8600A76262 /* ffi.h */ = {isa = PBXFileReference; fileEncoding = 4; lastKnownFileType = sourcecode.c.h; path = ffi.h; sourceTree = "<group>"; };
		DBFA713F187F1D8600A76262 /* ffi_common.h */ = {isa = PBXFileReference; fileEncoding = 4; lastKnownFileType = sourcecode.c.h; path = ffi_common.h; sourceTree = "<group>"; };
		DBFA7140187F1D8600A76262 /* fficonfig.h */ = {isa = PBXFileReference; fileEncoding = 4; lastKnownFileType = sourcecode.c.h; path = fficonfig.h; sourceTree = "<group>"; };
		DBFA7141187F1D8600A76262 /* ffitarget.h */ = {isa = PBXFileReference; fileEncoding = 4; lastKnownFileType = sourcecode.c.h; path = ffitarget.h; sourceTree = "<group>"; };
		DBFA7143187F1D8600A76262 /* closures.c */ = {isa = PBXFileReference; fileEncoding = 4; lastKnownFileType = sourcecode.c.c; path = closures.c; sourceTree = "<group>"; };
		DBFA7145187F1D8600A76262 /* dlmalloc.c */ = {isa = PBXFileReference; fileEncoding = 4; lastKnownFileType = sourcecode.c.c; path = dlmalloc.c; sourceTree = "<group>"; };
		DBFA7147187F1D8600A76262 /* prep_cif.c */ = {isa = PBXFileReference; fileEncoding = 4; lastKnownFileType = sourcecode.c.c; path = prep_cif.c; sourceTree = "<group>"; };
		DBFA7148187F1D8600A76262 /* raw_api.c */ = {isa = PBXFileReference; fileEncoding = 4; lastKnownFileType = sourcecode.c.c; path = raw_api.c; sourceTree = "<group>"; };
		DBFA7149187F1D8600A76262 /* types.c */ = {isa = PBXFileReference; fileEncoding = 4; lastKnownFileType = sourcecode.c.c; path = types.c; sourceTree = "<group>"; };
		DBFA715E187F1D9B00A76262 /* ffi_arm64.h */ = {isa = PBXFileReference; fileEncoding = 4; lastKnownFileType = sourcecode.c.h; path = ffi_arm64.h; sourceTree = "<group>"; };
		DBFA715F187F1D9B00A76262 /* ffi_armv7.h */ = {isa = PBXFileReference; fileEncoding = 4; lastKnownFileType = sourcecode.c.h; path = ffi_armv7.h; sourceTree = "<group>"; };
		DBFA7160187F1D9B00A76262 /* ffi_i386.h */ = {isa = PBXFileReference; fileEncoding = 4; lastKnownFileType = sourcecode.c.h; path = ffi_i386.h; sourceTree = "<group>"; };
		DBFA7161187F1D9B00A76262 /* ffi_x86_64.h */ = {isa = PBXFileReference; fileEncoding = 4; lastKnownFileType = sourcecode.c.h; path = ffi_x86_64.h; sourceTree = "<group>"; };
		DBFA7162187F1D9B00A76262 /* fficonfig_arm64.h */ = {isa = PBXFileReference; fileEncoding = 4; lastKnownFileType = sourcecode.c.h; path = fficonfig_arm64.h; sourceTree = "<group>"; };
		DBFA7163187F1D9B00A76262 /* fficonfig_armv7.h */ = {isa = PBXFileReference; fileEncoding = 4; lastKnownFileType = sourcecode.c.h; path = fficonfig_armv7.h; sourceTree = "<group>"; };
		DBFA7164187F1D9B00A76262 /* fficonfig_i386.h */ = {isa = PBXFileReference; fileEncoding = 4; lastKnownFileType = sourcecode.c.h; path = fficonfig_i386.h; sourceTree = "<group>"; };
		DBFA7165187F1D9B00A76262 /* fficonfig_x86_64.h */ = {isa = PBXFileReference; fileEncoding = 4; lastKnownFileType = sourcecode.c.h; path = fficonfig_x86_64.h; sourceTree = "<group>"; };
		DBFA7166187F1D9B00A76262 /* ffitarget_arm64.h */ = {isa = PBXFileReference; fileEncoding = 4; lastKnownFileType = sourcecode.c.h; path = ffitarget_arm64.h; sourceTree = "<group>"; };
		DBFA7167187F1D9B00A76262 /* ffitarget_armv7.h */ = {isa = PBXFileReference; fileEncoding = 4; lastKnownFileType = sourcecode.c.h; path = ffitarget_armv7.h; sourceTree = "<group>"; };
		DBFA7168187F1D9B00A76262 /* ffitarget_i386.h */ = {isa = PBXFileReference; fileEncoding = 4; lastKnownFileType = sourcecode.c.h; path = ffitarget_i386.h; sourceTree = "<group>"; };
		DBFA7169187F1D9B00A76262 /* ffitarget_x86_64.h */ = {isa = PBXFileReference; fileEncoding = 4; lastKnownFileType = sourcecode.c.h; path = ffitarget_x86_64.h; sourceTree = "<group>"; };
		DBFA716C187F1D9B00A76262 /* ffi_arm64.c */ = {isa = PBXFileReference; fileEncoding = 4; indentWidth = 2; lastKnownFileType = sourcecode.c.c; path = ffi_arm64.c; sourceTree = "<group>"; };
		DBFA716D187F1D9B00A76262 /* sysv_arm64.S */ = {isa = PBXFileReference; fileEncoding = 4; lastKnownFileType = sourcecode.asm; path = sysv_arm64.S; sourceTree = "<group>"; };
		DBFA716F187F1D9B00A76262 /* ffi_armv7.c */ = {isa = PBXFileReference; fileEncoding = 4; indentWidth = 2; lastKnownFileType = sourcecode.c.c; path = ffi_armv7.c; sourceTree = "<group>"; };
		DBFA7170187F1D9B00A76262 /* sysv_armv7.S */ = {isa = PBXFileReference; fileEncoding = 4; lastKnownFileType = sourcecode.asm; path = sysv_armv7.S; sourceTree = "<group>"; };
		DBFA7175187F1D9B00A76262 /* ffi64_x86_64.c */ = {isa = PBXFileReference; fileEncoding = 4; lastKnownFileType = sourcecode.c.c; path = ffi64_x86_64.c; sourceTree = "<group>"; };
		DBFA7176187F1D9B00A76262 /* ffi_i386.c */ = {isa = PBXFileReference; fileEncoding = 4; lastKnownFileType = sourcecode.c.c; path = ffi_i386.c; sourceTree = "<group>"; };
/* End PBXFileReference section */

/* Begin PBXGroup section */
		DB13B15B1849DEB70010F42D = {
			isa = PBXGroup;
			children = (
				DBFA713C187F1D8600A76262 /* darwin_common */,
				DBFA715C187F1D9B00A76262 /* darwin_ios */,
				DB13B1671849DF1E0010F42D /* Products */,
			);
			sourceTree = "<group>";
		};
		DB13B1671849DF1E0010F42D /* Products */ = {
			isa = PBXGroup;
			children = (
				DB13B1661849DF1E0010F42D /* libffi.a */,
			);
			name = Products;
			sourceTree = "<group>";
		};
		DBFA713C187F1D8600A76262 /* darwin_common */ = {
			isa = PBXGroup;
			children = (
				DBFA713D187F1D8600A76262 /* include */,
				DBFA7142187F1D8600A76262 /* src */,
			);
			path = darwin_common;
			sourceTree = "<group>";
		};
		DBFA713D187F1D8600A76262 /* include */ = {
			isa = PBXGroup;
			children = (
				DBFA713E187F1D8600A76262 /* ffi.h */,
				DBFA713F187F1D8600A76262 /* ffi_common.h */,
				DBFA7140187F1D8600A76262 /* fficonfig.h */,
				DBFA7141187F1D8600A76262 /* ffitarget.h */,
			);
			path = include;
			sourceTree = "<group>";
		};
		DBFA7142187F1D8600A76262 /* src */ = {
			isa = PBXGroup;
			children = (
				DBFA7143187F1D8600A76262 /* closures.c */,
				DBFA7145187F1D8600A76262 /* dlmalloc.c */,
				DBFA7147187F1D8600A76262 /* prep_cif.c */,
				DBFA7148187F1D8600A76262 /* raw_api.c */,
				DBFA7149187F1D8600A76262 /* types.c */,
			);
			path = src;
			sourceTree = "<group>";
		};
		DBFA715C187F1D9B00A76262 /* darwin_ios */ = {
			isa = PBXGroup;
			children = (
				DBFA715D187F1D9B00A76262 /* include */,
				DBFA716A187F1D9B00A76262 /* src */,
			);
			path = darwin_ios;
			sourceTree = "<group>";
		};
		DBFA715D187F1D9B00A76262 /* include */ = {
			isa = PBXGroup;
			children = (
				DBFA715E187F1D9B00A76262 /* ffi_arm64.h */,
				DBFA715F187F1D9B00A76262 /* ffi_armv7.h */,
				DBFA7160187F1D9B00A76262 /* ffi_i386.h */,
				DBFA7161187F1D9B00A76262 /* ffi_x86_64.h */,
				DBFA7162187F1D9B00A76262 /* fficonfig_arm64.h */,
				DBFA7163187F1D9B00A76262 /* fficonfig_armv7.h */,
				DBFA7164187F1D9B00A76262 /* fficonfig_i386.h */,
				DBFA7165187F1D9B00A76262 /* fficonfig_x86_64.h */,
				DBFA7166187F1D9B00A76262 /* ffitarget_arm64.h */,
				DBFA7167187F1D9B00A76262 /* ffitarget_armv7.h */,
				DBFA7168187F1D9B00A76262 /* ffitarget_i386.h */,
				DBFA7169187F1D9B00A76262 /* ffitarget_x86_64.h */,
			);
			path = include;
			sourceTree = "<group>";
		};
		DBFA716A187F1D9B00A76262 /* src */ = {
			isa = PBXGroup;
			children = (
				DBFA716B187F1D9B00A76262 /* aarch64 */,
				DBFA716E187F1D9B00A76262 /* arm */,
				DBFA7172187F1D9B00A76262 /* x86 */,
			);
			path = src;
			sourceTree = "<group>";
		};
		DBFA716B187F1D9B00A76262 /* aarch64 */ = {
			isa = PBXGroup;
			children = (
				43E9A5DA1D35373600926A8F /* internal.h */,
				DBFA716C187F1D9B00A76262 /* ffi_arm64.c */,
				DBFA716D187F1D9B00A76262 /* sysv_arm64.S */,
			);
			path = aarch64;
			sourceTree = "<group>";
		};
		DBFA716E187F1D9B00A76262 /* arm */ = {
			isa = PBXGroup;
			children = (
				43E9A5DB1D35374400926A8F /* internal.h */,
				DBFA716F187F1D9B00A76262 /* ffi_armv7.c */,
				DBFA7170187F1D9B00A76262 /* sysv_armv7.S */,
			);
			path = arm;
			sourceTree = "<group>";
		};
		DBFA7172187F1D9B00A76262 /* x86 */ = {
			isa = PBXGroup;
			children = (
				43E9A5DC1D35375400926A8F /* internal.h */,
				43E9A5DD1D35375400926A8F /* internal64.h */,
				DBFA7175187F1D9B00A76262 /* ffi64_x86_64.c */,
				43B5D3F71D35473200D1E1FD /* ffiw64_x86_64.c */,
				DBFA7176187F1D9B00A76262 /* ffi_i386.c */,
				43E9A5C51D352C1500926A8F /* sysv_i386.S */,
				43E9A5C61D352C1500926A8F /* unix64_x86_64.S */,
				43B5D3F91D3547CE00D1E1FD /* win64_x86_64.S */,
			);
			path = x86;
			sourceTree = "<group>";
		};
/* End PBXGroup section */

/* Begin PBXNativeTarget section */
		DB13B1651849DF1E0010F42D /* libffi-iOS */ = {
			isa = PBXNativeTarget;
			buildConfigurationList = DB13B18B1849DF1E0010F42D /* Build configuration list for PBXNativeTarget "libffi-iOS" */;
			buildPhases = (
				DB13B1621849DF1E0010F42D /* Sources */,
				DB13B1641849DF1E0010F42D /* CopyFiles */,
			);
			buildRules = (
			);
			dependencies = (
			);
			name = "libffi-iOS";
			productName = ffi;
			productReference = DB13B1661849DF1E0010F42D /* libffi.a */;
			productType = "com.apple.product-type.library.static";
		};
/* End PBXNativeTarget section */

/* Begin PBXProject section */
		DB13B15C1849DEB70010F42D /* Project object */ = {
			isa = PBXProject;
			attributes = {
				BuildIndependentTargetsInParallel = YES;
				LastUpgradeCheck = 1500;
			};
			buildConfigurationList = DB13B15F1849DEB70010F42D /* Build configuration list for PBXProject "libffi" */;
			compatibilityVersion = "Xcode 3.2";
			developmentRegion = en;
			hasScannedForEncodings = 0;
			knownRegions = (
				en,
				Base,
			);
			mainGroup = DB13B15B1849DEB70010F42D;
			productRefGroup = DB13B1671849DF1E0010F42D /* Products */;
			projectDirPath = "";
			projectRoot = "";
			targets = (
				DB13B1651849DF1E0010F42D /* libffi-iOS */,
			);
		};
/* End PBXProject section */

/* Begin PBXSourcesBuildPhase section */
		DB13B1621849DF1E0010F42D /* Sources */ = {
			isa = PBXSourcesBuildPhase;
			buildActionMask = 2147483647;
			files = (
				43E9A5C81D352C1500926A8F /* unix64_x86_64.S in Sources */,
				43E9A5C71D352C1500926A8F /* sysv_i386.S in Sources */,
				DBFA717E187F1D9B00A76262 /* ffi64_x86_64.c in Sources */,
				DBFA7179187F1D9B00A76262 /* ffi_armv7.c in Sources */,
				DBFA714E187F1D8600A76262 /* closures.c in Sources */,
				DBFA717A187F1D9B00A76262 /* sysv_armv7.S in Sources */,
				43B5D3F81D35473200D1E1FD /* ffiw64_x86_64.c in Sources */,
				DBFA7156187F1D8600A76262 /* prep_cif.c in Sources */,
				DBFA717F187F1D9B00A76262 /* ffi_i386.c in Sources */,
				DBFA7158187F1D8600A76262 /* raw_api.c in Sources */,
				DBFA7178187F1D9B00A76262 /* sysv_arm64.S in Sources */,
				DBFA715A187F1D8600A76262 /* types.c in Sources */,
				DBFA7177187F1D9B00A76262 /* ffi_arm64.c in Sources */,
				43B5D3FA1D3547CE00D1E1FD /* win64_x86_64.S in Sources */,
			);
			runOnlyForDeploymentPostprocessing = 0;
		};
/* End PBXSourcesBuildPhase section */

/* Begin XCBuildConfiguration section */
		DB13B1601849DEB70010F42D /* Debug */ = {
			isa = XCBuildConfiguration;
			buildSettings = {
				CLANG_ANALYZER_LOCALIZABILITY_NONLOCALIZED = YES;
				CLANG_WARN_BLOCK_CAPTURE_AUTORELEASING = YES;
				CLANG_WARN_BOOL_CONVERSION = YES;
				CLANG_WARN_COMMA = YES;
				CLANG_WARN_CONSTANT_CONVERSION = YES;
				CLANG_WARN_DEPRECATED_OBJC_IMPLEMENTATIONS = YES;
				CLANG_WARN_EMPTY_BODY = YES;
				CLANG_WARN_ENUM_CONVERSION = YES;
				CLANG_WARN_INFINITE_RECURSION = YES;
				CLANG_WARN_INT_CONVERSION = YES;
				CLANG_WARN_NON_LITERAL_NULL_CONVERSION = YES;
				CLANG_WARN_OBJC_IMPLICIT_RETAIN_SELF = YES;
				CLANG_WARN_OBJC_LITERAL_CONVERSION = YES;
				CLANG_WARN_QUOTED_INCLUDE_IN_FRAMEWORK_HEADER = YES;
				CLANG_WARN_RANGE_LOOP_ANALYSIS = YES;
				CLANG_WARN_STRICT_PROTOTYPES = YES;
				CLANG_WARN_SUSPICIOUS_MOVE = YES;
				CLANG_WARN_UNREACHABLE_CODE = YES;
				CLANG_WARN__DUPLICATE_METHOD_MATCH = YES;
				DEAD_CODE_STRIPPING = YES;
				ENABLE_STRICT_OBJC_MSGSEND = YES;
				ENABLE_TESTABILITY = YES;
				ENABLE_USER_SCRIPT_SANDBOXING = YES;
				GCC_NO_COMMON_BLOCKS = YES;
				GCC_WARN_64_TO_32_BIT_CONVERSION = YES;
				GCC_WARN_ABOUT_RETURN_TYPE = YES;
				GCC_WARN_UNDECLARED_SELECTOR = YES;
				GCC_WARN_UNINITIALIZED_AUTOS = YES;
				GCC_WARN_UNUSED_FUNCTION = YES;
				GCC_WARN_UNUSED_VARIABLE = YES;
				HEADER_SEARCH_PATHS = (
					"$(inherited)",
					darwin_common/include,
				);
				IPHONEOS_DEPLOYMENT_TARGET = 14.0;
				ONLY_ACTIVE_ARCH = YES;
			};
			name = Debug;
		};
		DB13B1611849DEB70010F42D /* Release */ = {
			isa = XCBuildConfiguration;
			buildSettings = {
				CLANG_ANALYZER_LOCALIZABILITY_NONLOCALIZED = YES;
				CLANG_WARN_BLOCK_CAPTURE_AUTORELEASING = YES;
				CLANG_WARN_BOOL_CONVERSION = YES;
				CLANG_WARN_COMMA = YES;
				CLANG_WARN_CONSTANT_CONVERSION = YES;
				CLANG_WARN_DEPRECATED_OBJC_IMPLEMENTATIONS = YES;
				CLANG_WARN_EMPTY_BODY = YES;
				CLANG_WARN_ENUM_CONVERSION = YES;
				CLANG_WARN_INFINITE_RECURSION = YES;
				CLANG_WARN_INT_CONVERSION = YES;
				CLANG_WARN_NON_LITERAL_NULL_CONVERSION = YES;
				CLANG_WARN_OBJC_IMPLICIT_RETAIN_SELF = YES;
				CLANG_WARN_OBJC_LITERAL_CONVERSION = YES;
				CLANG_WARN_QUOTED_INCLUDE_IN_FRAMEWORK_HEADER = YES;
				CLANG_WARN_RANGE_LOOP_ANALYSIS = YES;
				CLANG_WARN_STRICT_PROTOTYPES = YES;
				CLANG_WARN_SUSPICIOUS_MOVE = YES;
				CLANG_WARN_UNREACHABLE_CODE = YES;
				CLANG_WARN__DUPLICATE_METHOD_MATCH = YES;
				DEAD_CODE_STRIPPING = YES;
				ENABLE_STRICT_OBJC_MSGSEND = YES;
				ENABLE_USER_SCRIPT_SANDBOXING = YES;
				GCC_NO_COMMON_BLOCKS = YES;
				GCC_WARN_64_TO_32_BIT_CONVERSION = YES;
				GCC_WARN_ABOUT_RETURN_TYPE = YES;
				GCC_WARN_UNDECLARED_SELECTOR = YES;
				GCC_WARN_UNINITIALIZED_AUTOS = YES;
				GCC_WARN_UNUSED_FUNCTION = YES;
				GCC_WARN_UNUSED_VARIABLE = YES;
				HEADER_SEARCH_PATHS = (
					"$(inherited)",
					darwin_common/include,
				);
				IPHONEOS_DEPLOYMENT_TARGET = 14.0;
			};
			name = Release;
		};
		DB13B1871849DF1E0010F42D /* Debug */ = {
			isa = XCBuildConfiguration;
			buildSettings = {
				ALWAYS_SEARCH_USER_PATHS = NO;
				CLANG_ENABLE_OBJC_WEAK = YES;
				CLANG_WARN_BOOL_CONVERSION = YES;
				CLANG_WARN_CONSTANT_CONVERSION = YES;
				CLANG_WARN_DIRECT_OBJC_ISA_USAGE = YES_ERROR;
				CLANG_WARN_EMPTY_BODY = YES;
				CLANG_WARN_ENUM_CONVERSION = YES;
				CLANG_WARN_INT_CONVERSION = YES;
				CLANG_WARN_OBJC_ROOT_CLASS = YES_ERROR;
				CLANG_WARN__DUPLICATE_METHOD_MATCH = YES;
				COPY_PHASE_STRIP = NO;
				DSTROOT = /tmp/ffi.dst;
				GCC_OPTIMIZATION_LEVEL = 0;
				GCC_PREPROCESSOR_DEFINITIONS = (
					"DEBUG=1",
					"$(inherited)",
				);
				GCC_WARN_64_TO_32_BIT_CONVERSION = YES;
				GCC_WARN_ABOUT_RETURN_TYPE = YES_ERROR;
				GCC_WARN_UNDECLARED_SELECTOR = YES;
				GCC_WARN_UNINITIALIZED_AUTOS = YES_AGGRESSIVE;
				GCC_WARN_UNUSED_FUNCTION = YES;
				GCC_WARN_UNUSED_VARIABLE = YES;
				HEADER_SEARCH_PATHS = (
					"$(inherited)",
					darwin_ios/include,
				);
				IPHONEOS_DEPLOYMENT_TARGET = 14.0;
				PRODUCT_NAME = ffi;
				SDKROOT = iphoneos;
				SKIP_INSTALL = YES;
				VALID_ARCHS = "arm64 armv7 armv7s i386 x86_64";
			};
			name = Debug;
		};
		DB13B1881849DF1E0010F42D /* Release */ = {
			isa = XCBuildConfiguration;
			buildSettings = {
				ALWAYS_SEARCH_USER_PATHS = NO;
				CLANG_ENABLE_OBJC_WEAK = YES;
				CLANG_WARN_BOOL_CONVERSION = YES;
				CLANG_WARN_CONSTANT_CONVERSION = YES;
				CLANG_WARN_DIRECT_OBJC_ISA_USAGE = YES_ERROR;
				CLANG_WARN_EMPTY_BODY = YES;
				CLANG_WARN_ENUM_CONVERSION = YES;
				CLANG_WARN_INT_CONVERSION = YES;
				CLANG_WARN_OBJC_ROOT_CLASS = YES_ERROR;
				CLANG_WARN__DUPLICATE_METHOD_MATCH = YES;
				COPY_PHASE_STRIP = YES;
				DSTROOT = /tmp/ffi.dst;
				ENABLE_NS_ASSERTIONS = NO;
				GCC_WARN_64_TO_32_BIT_CONVERSION = YES;
				GCC_WARN_ABOUT_RETURN_TYPE = YES_ERROR;
				GCC_WARN_UNDECLARED_SELECTOR = YES;
				GCC_WARN_UNINITIALIZED_AUTOS = YES_AGGRESSIVE;
				GCC_WARN_UNUSED_FUNCTION = YES;
				GCC_WARN_UNUSED_VARIABLE = YES;
				HEADER_SEARCH_PATHS = (
					"$(inherited)",
					darwin_ios/include,
				);
				IPHONEOS_DEPLOYMENT_TARGET = 14.0;
				PRODUCT_NAME = ffi;
				SDKROOT = iphoneos;
				SKIP_INSTALL = YES;
				VALIDATE_PRODUCT = YES;
				VALID_ARCHS = "arm64 armv7 armv7s i386 x86_64";
			};
			name = Release;
		};
/* End XCBuildConfiguration section */

/* Begin XCConfigurationList section */
		DB13B15F1849DEB70010F42D /* Build configuration list for PBXProject "libffi" */ = {
			isa = XCConfigurationList;
			buildConfigurations = (
				DB13B1601849DEB70010F42D /* Debug */,
				DB13B1611849DEB70010F42D /* Release */,
			);
			defaultConfigurationIsVisible = 0;
			defaultConfigurationName = Release;
		};
		DB13B18B1849DF1E0010F42D /* Build configuration list for PBXNativeTarget "libffi-iOS" */ = {
			isa = XCConfigurationList;
			buildConfigurations = (
				DB13B1871849DF1E0010F42D /* Debug */,
				DB13B1881849DF1E0010F42D /* Release */,
			);
			defaultConfigurationIsVisible = 0;
			defaultConfigurationName = Release;
		};
/* End XCConfigurationList section */
	};
	rootObject = DB13B15C1849DEB70010F42D /* Project object */;
}
