// !$*UTF8*$!
{
	archiveVersion = 1;
	classes = {
	};
	objectVersion = 54;
	objects = {

/* Begin PBXBuildFile section */
		F2366BC12B1494AA00960392 /* Foundation.framework in Frameworks */ = {isa = PBXBuildFile; fileRef = F2366BC02B1494AA00960392 /* Foundation.framework */; };
		F2366C0B2B157F1000960392 /* ffitarget.h in Headers */ = {isa = PBXBuildFile; fileRef = F2366BDC2B157F1000960392 /* ffitarget.h */; settings = {ATTRIBUTES = (Public, ); }; };
		F2366C0C2B157F1000960392 /* ffi_common.h in Headers */ = {isa = PBXBuildFile; fileRef = F2366BDD2B157F1000960392 /* ffi_common.h */; settings = {ATTRIBUTES = (Public, ); }; };
		F2366C0D2B157F1000960392 /* fficonfig.h in Headers */ = {isa = PBXBuildFile; fileRef = F2366BDE2B157F1000960392 /* fficonfig.h */; settings = {ATTRIBUTES = (Public, ); }; };
		F2366C0E2B157F1000960392 /* ffi_cfi.h in Headers */ = {isa = PBXBuildFile; fileRef = F2366BDF2B157F1000960392 /* ffi_cfi.h */; settings = {ATTRIBUTES = (Public, ); }; };
		F2366C0F2B157F1000960392 /* ffi.h in Headers */ = {isa = PBXBuildFile; fileRef = F2366BE02B157F1000960392 /* ffi.h */; settings = {ATTRIBUTES = (Public, ); }; };
		F2366C102B157F1000960392 /* closures.c in Sources */ = {isa = PBXBuildFile; fileRef = F2366BE22B157F1000960392 /* closures.c */; };
		F2366C112B157F1000960392 /* prep_cif.c in Sources */ = {isa = PBXBuildFile; fileRef = F2366BE32B157F1000960392 /* prep_cif.c */; };
		F2366C122B157F1000960392 /* debug.c in Sources */ = {isa = PBXBuildFile; fileRef = F2366BE42B157F1000960392 /* debug.c */; };
		F2366C132B157F1000960392 /* types.c in Sources */ = {isa = PBXBuildFile; fileRef = F2366BE52B157F1000960392 /* types.c */; };
		F2366C142B157F1000960392 /* dlmalloc.c in Sources */ = {isa = PBXBuildFile; fileRef = F2366BE62B157F1000960392 /* dlmalloc.c */; };
		F2366C152B157F1000960392 /* java_raw_api.c in Sources */ = {isa = PBXBuildFile; fileRef = F2366BE72B157F1000960392 /* java_raw_api.c */; };
		F2366C162B157F1000960392 /* raw_api.c in Sources */ = {isa = PBXBuildFile; fileRef = F2366BE82B157F1000960392 /* raw_api.c */; };
		F2366C172B157F1000960392 /* Empty.swift in Sources */ = {isa = PBXBuildFile; fileRef = F2366BEA2B157F1000960392 /* Empty.swift */; };
		F2366C182B157F1000960392 /* ffitarget_arm64.h in Headers */ = {isa = PBXBuildFile; fileRef = F2366BEC2B157F1000960392 /* ffitarget_arm64.h */; settings = {ATTRIBUTES = (Public, ); }; };
		F2366C192B157F1000960392 /* ffi_i386.h in Headers */ = {isa = PBXBuildFile; fileRef = F2366BED2B157F1000960392 /* ffi_i386.h */; settings = {ATTRIBUTES = (Public, ); }; };
		F2366C1A2B157F1000960392 /* ffitarget_x86_64.h in Headers */ = {isa = PBXBuildFile; fileRef = F2366BEE2B157F1000960392 /* ffitarget_x86_64.h */; settings = {ATTRIBUTES = (Public, ); }; };
		F2366C1B2B157F1000960392 /* ffitarget_armv7.h in Headers */ = {isa = PBXBuildFile; fileRef = F2366BEF2B157F1000960392 /* ffitarget_armv7.h */; settings = {ATTRIBUTES = (Public, ); }; };
		F2366C1C2B157F1000960392 /* ffi_x86_64.h in Headers */ = {isa = PBXBuildFile; fileRef = F2366BF02B157F1000960392 /* ffi_x86_64.h */; settings = {ATTRIBUTES = (Public, ); }; };
		F2366C1D2B157F1000960392 /* ffitarget_i386.h in Headers */ = {isa = PBXBuildFile; fileRef = F2366BF12B157F1000960392 /* ffitarget_i386.h */; settings = {ATTRIBUTES = (Public, ); }; };
		F2366C1E2B157F1000960392 /* fficonfig_x86_64.h in Headers */ = {isa = PBXBuildFile; fileRef = F2366BF22B157F1000960392 /* fficonfig_x86_64.h */; settings = {ATTRIBUTES = (Public, ); }; };
		F2366C1F2B157F1000960392 /* fficonfig_i386.h in Headers */ = {isa = PBXBuildFile; fileRef = F2366BF32B157F1000960392 /* fficonfig_i386.h */; settings = {ATTRIBUTES = (Public, ); }; };
		F2366C202B157F1000960392 /* fficonfig_armv7.h in Headers */ = {isa = PBXBuildFile; fileRef = F2366BF42B157F1000960392 /* fficonfig_armv7.h */; settings = {ATTRIBUTES = (Public, ); }; };
		F2366C212B157F1000960392 /* fficonfig_arm64.h in Headers */ = {isa = PBXBuildFile; fileRef = F2366BF52B157F1000960392 /* fficonfig_arm64.h */; settings = {ATTRIBUTES = (Public, ); }; };
		F2366C222B157F1000960392 /* ffi_armv7.h in Headers */ = {isa = PBXBuildFile; fileRef = F2366BF62B157F1000960392 /* ffi_armv7.h */; settings = {ATTRIBUTES = (Public, ); }; };
		F2366C232B157F1000960392 /* ffi_arm64.h in Headers */ = {isa = PBXBuildFile; fileRef = F2366BF72B157F1000960392 /* ffi_arm64.h */; settings = {ATTRIBUTES = (Public, ); }; };
		F2366C242B157F1000960392 /* internal.h in Headers */ = {isa = PBXBuildFile; fileRef = F2366BFA2B157F1000960392 /* internal.h */; };
		F2366C252B157F1000960392 /* sysv_i386.S in Sources */ = {isa = PBXBuildFile; fileRef = F2366BFB2B157F1000960392 /* sysv_i386.S */; };
		F2366C262B157F1000960392 /* ffi64_x86_64.c in Sources */ = {isa = PBXBuildFile; fileRef = F2366BFC2B157F1000960392 /* ffi64_x86_64.c */; };
		F2366C272B157F1000960392 /* ffiw64_x86_64.c in Sources */ = {isa = PBXBuildFile; fileRef = F2366BFD2B157F1000960392 /* ffiw64_x86_64.c */; };
		F2366C282B157F1000960392 /* win64_x86_64.S in Sources */ = {isa = PBXBuildFile; fileRef = F2366BFE2B157F1000960392 /* win64_x86_64.S */; };
		F2366C292B157F1000960392 /* asmnames.h in Headers */ = {isa = PBXBuildFile; fileRef = F2366BFF2B157F1000960392 /* asmnames.h */; };
		F2366C2A2B157F1000960392 /* ffi_i386.c in Sources */ = {isa = PBXBuildFile; fileRef = F2366C002B157F1000960392 /* ffi_i386.c */; };
		F2366C2B2B157F1000960392 /* unix64_x86_64.S in Sources */ = {isa = PBXBuildFile; fileRef = F2366C012B157F1000960392 /* unix64_x86_64.S */; };
		F2366C2C2B157F1000960392 /* internal64.h in Headers */ = {isa = PBXBuildFile; fileRef = F2366C022B157F1000960392 /* internal64.h */; };
		F2366C2D2B157F1000960392 /* sysv_armv7.S in Sources */ = {isa = PBXBuildFile; fileRef = F2366C042B157F1000960392 /* sysv_armv7.S */; };
		F2366C2E2B157F1000960392 /* internal.h in Headers */ = {isa = PBXBuildFile; fileRef = F2366C052B157F1000960392 /* internal.h */; };
		F2366C2F2B157F1000960392 /* ffi_armv7.c in Sources */ = {isa = PBXBuildFile; fileRef = F2366C062B157F1000960392 /* ffi_armv7.c */; };
		F2366C302B157F1000960392 /* internal.h in Headers */ = {isa = PBXBuildFile; fileRef = F2366C082B157F1000960392 /* internal.h */; };
		F2366C312B157F1000960392 /* sysv_arm64.S in Sources */ = {isa = PBXBuildFile; fileRef = F2366C092B157F1000960392 /* sysv_arm64.S */; };
		F2366C322B157F1000960392 /* ffi_arm64.c in Sources */ = {isa = PBXBuildFile; fileRef = F2366C0A2B157F1000960392 /* ffi_arm64.c */; };
		F2366C332B15800800960392 /* libffi-umbrella.h in Headers */ = {isa = PBXBuildFile; fileRef = F2366BAF2B148DE600960392 /* libffi-umbrella.h */; settings = {ATTRIBUTES = (Public, ); }; };
/* End PBXBuildFile section */

/* Begin PBXFileReference section */
		F2366BA82B14356A00960392 /* libffi.framework */ = {isa = PBXFileReference; explicitFileType = wrapper.framework; includeInIndex = 0; path = libffi.framework; sourceTree = BUILT_PRODUCTS_DIR; };
		F2366BAF2B148DE600960392 /* libffi-umbrella.h */ = {isa = PBXFileReference; lastKnownFileType = sourcecode.c.h; path = "libffi-umbrella.h"; sourceTree = "<group>"; };
		F2366BC02B1494AA00960392 /* Foundation.framework */ = {isa = PBXFileReference; lastKnownFileType = wrapper.framework; name = Foundation.framework; path = Platforms/iPhoneOS.platform/Developer/SDKs/iPhoneOS17.0.sdk/System/Library/Frameworks/Foundation.framework; sourceTree = DEVELOPER_DIR; };
		F2366BDC2B157F1000960392 /* ffitarget.h */ = {isa = PBXFileReference; fileEncoding = 4; lastKnownFileType = sourcecode.c.h; path = ffitarget.h; sourceTree = "<group>"; };
		F2366BDD2B157F1000960392 /* ffi_common.h */ = {isa = PBXFileReference; fileEncoding = 4; lastKnownFileType = sourcecode.c.h; path = ffi_common.h; sourceTree = "<group>"; };
		F2366BDE2B157F1000960392 /* fficonfig.h */ = {isa = PBXFileReference; fileEncoding = 4; lastKnownFileType = sourcecode.c.h; path = fficonfig.h; sourceTree = "<group>"; };
		F2366BDF2B157F1000960392 /* ffi_cfi.h */ = {isa = PBXFileReference; fileEncoding = 4; lastKnownFileType = sourcecode.c.h; path = ffi_cfi.h; sourceTree = "<group>"; };
		F2366BE02B157F1000960392 /* ffi.h */ = {isa = PBXFileReference; fileEncoding = 4; lastKnownFileType = sourcecode.c.h; path = ffi.h; sourceTree = "<group>"; };
		F2366BE22B157F1000960392 /* closures.c */ = {isa = PBXFileReference; fileEncoding = 4; lastKnownFileType = sourcecode.c.c; path = closures.c; sourceTree = "<group>"; };
		F2366BE32B157F1000960392 /* prep_cif.c */ = {isa = PBXFileReference; fileEncoding = 4; lastKnownFileType = sourcecode.c.c; path = prep_cif.c; sourceTree = "<group>"; };
		F2366BE42B157F1000960392 /* debug.c */ = {isa = PBXFileReference; fileEncoding = 4; lastKnownFileType = sourcecode.c.c; path = debug.c; sourceTree = "<group>"; };
		F2366BE52B157F1000960392 /* types.c */ = {isa = PBXFileReference; fileEncoding = 4; lastKnownFileType = sourcecode.c.c; path = types.c; sourceTree = "<group>"; };
		F2366BE62B157F1000960392 /* dlmalloc.c */ = {isa = PBXFileReference; fileEncoding = 4; lastKnownFileType = sourcecode.c.c; path = dlmalloc.c; sourceTree = "<group>"; };
		F2366BE72B157F1000960392 /* java_raw_api.c */ = {isa = PBXFileReference; fileEncoding = 4; lastKnownFileType = sourcecode.c.c; path = java_raw_api.c; sourceTree = "<group>"; };
		F2366BE82B157F1000960392 /* raw_api.c */ = {isa = PBXFileReference; fileEncoding = 4; lastKnownFileType = sourcecode.c.c; path = raw_api.c; sourceTree = "<group>"; };
		F2366BEA2B157F1000960392 /* Empty.swift */ = {isa = PBXFileReference; fileEncoding = 4; lastKnownFileType = sourcecode.swift; path = Empty.swift; sourceTree = "<group>"; };
		F2366BEC2B157F1000960392 /* ffitarget_arm64.h */ = {isa = PBXFileReference; fileEncoding = 4; lastKnownFileType = sourcecode.c.h; path = ffitarget_arm64.h; sourceTree = "<group>"; };
		F2366BED2B157F1000960392 /* ffi_i386.h */ = {isa = PBXFileReference; fileEncoding = 4; lastKnownFileType = sourcecode.c.h; path = ffi_i386.h; sourceTree = "<group>"; };
		F2366BEE2B157F1000960392 /* ffitarget_x86_64.h */ = {isa = PBXFileReference; fileEncoding = 4; lastKnownFileType = sourcecode.c.h; path = ffitarget_x86_64.h; sourceTree = "<group>"; };
		F2366BEF2B157F1000960392 /* ffitarget_armv7.h */ = {isa = PBXFileReference; fileEncoding = 4; lastKnownFileType = sourcecode.c.h; path = ffitarget_armv7.h; sourceTree = "<group>"; };
		F2366BF02B157F1000960392 /* ffi_x86_64.h */ = {isa = PBXFileReference; fileEncoding = 4; lastKnownFileType = sourcecode.c.h; path = ffi_x86_64.h; sourceTree = "<group>"; };
		F2366BF12B157F1000960392 /* ffitarget_i386.h */ = {isa = PBXFileReference; fileEncoding = 4; lastKnownFileType = sourcecode.c.h; path = ffitarget_i386.h; sourceTree = "<group>"; };
		F2366BF22B157F1000960392 /* fficonfig_x86_64.h */ = {isa = PBXFileReference; fileEncoding = 4; lastKnownFileType = sourcecode.c.h; path = fficonfig_x86_64.h; sourceTree = "<group>"; };
		F2366BF32B157F1000960392 /* fficonfig_i386.h */ = {isa = PBXFileReference; fileEncoding = 4; lastKnownFileType = sourcecode.c.h; path = fficonfig_i386.h; sourceTree = "<group>"; };
		F2366BF42B157F1000960392 /* fficonfig_armv7.h */ = {isa = PBXFileReference; fileEncoding = 4; lastKnownFileType = sourcecode.c.h; path = fficonfig_armv7.h; sourceTree = "<group>"; };
		F2366BF52B157F1000960392 /* fficonfig_arm64.h */ = {isa = PBXFileReference; fileEncoding = 4; lastKnownFileType = sourcecode.c.h; path = fficonfig_arm64.h; sourceTree = "<group>"; };
		F2366BF62B157F1000960392 /* ffi_armv7.h */ = {isa = PBXFileReference; fileEncoding = 4; lastKnownFileType = sourcecode.c.h; path = ffi_armv7.h; sourceTree = "<group>"; };
		F2366BF72B157F1000960392 /* ffi_arm64.h */ = {isa = PBXFileReference; fileEncoding = 4; lastKnownFileType = sourcecode.c.h; path = ffi_arm64.h; sourceTree = "<group>"; };
		F2366BFA2B157F1000960392 /* internal.h */ = {isa = PBXFileReference; fileEncoding = 4; lastKnownFileType = sourcecode.c.h; path = internal.h; sourceTree = "<group>"; };
		F2366BFB2B157F1000960392 /* sysv_i386.S */ = {isa = PBXFileReference; fileEncoding = 4; lastKnownFileType = sourcecode.asm; path = sysv_i386.S; sourceTree = "<group>"; };
		F2366BFC2B157F1000960392 /* ffi64_x86_64.c */ = {isa = PBXFileReference; fileEncoding = 4; lastKnownFileType = sourcecode.c.c; path = ffi64_x86_64.c; sourceTree = "<group>"; };
		F2366BFD2B157F1000960392 /* ffiw64_x86_64.c */ = {isa = PBXFileReference; fileEncoding = 4; lastKnownFileType = sourcecode.c.c; path = ffiw64_x86_64.c; sourceTree = "<group>"; };
		F2366BFE2B157F1000960392 /* win64_x86_64.S */ = {isa = PBXFileReference; fileEncoding = 4; lastKnownFileType = sourcecode.asm; path = win64_x86_64.S; sourceTree = "<group>"; };
		F2366BFF2B157F1000960392 /* asmnames.h */ = {isa = PBXFileReference; fileEncoding = 4; lastKnownFileType = sourcecode.c.h; path = asmnames.h; sourceTree = "<group>"; };
		F2366C002B157F1000960392 /* ffi_i386.c */ = {isa = PBXFileReference; fileEncoding = 4; lastKnownFileType = sourcecode.c.c; path = ffi_i386.c; sourceTree = "<group>"; };
		F2366C012B157F1000960392 /* unix64_x86_64.S */ = {isa = PBXFileReference; fileEncoding = 4; lastKnownFileType = sourcecode.asm; path = unix64_x86_64.S; sourceTree = "<group>"; };
		F2366C022B157F1000960392 /* internal64.h */ = {isa = PBXFileReference; fileEncoding = 4; lastKnownFileType = sourcecode.c.h; path = internal64.h; sourceTree = "<group>"; };
		F2366C042B157F1000960392 /* sysv_armv7.S */ = {isa = PBXFileReference; fileEncoding = 4; lastKnownFileType = sourcecode.asm; path = sysv_armv7.S; sourceTree = "<group>"; };
		F2366C052B157F1000960392 /* internal.h */ = {isa = PBXFileReference; fileEncoding = 4; lastKnownFileType = sourcecode.c.h; path = internal.h; sourceTree = "<group>"; };
		F2366C062B157F1000960392 /* ffi_armv7.c */ = {isa = PBXFileReference; fileEncoding = 4; lastKnownFileType = sourcecode.c.c; path = ffi_armv7.c; sourceTree = "<group>"; };
		F2366C082B157F1000960392 /* internal.h */ = {isa = PBXFileReference; fileEncoding = 4; lastKnownFileType = sourcecode.c.h; path = internal.h; sourceTree = "<group>"; };
		F2366C092B157F1000960392 /* sysv_arm64.S */ = {isa = PBXFileReference; fileEncoding = 4; lastKnownFileType = sourcecode.asm; path = sysv_arm64.S; sourceTree = "<group>"; };
		F2366C0A2B157F1000960392 /* ffi_arm64.c */ = {isa = PBXFileReference; fileEncoding = 4; lastKnownFileType = sourcecode.c.c; path = ffi_arm64.c; sourceTree = "<group>"; };
/* End PBXFileReference section */

/* Begin PBXFrameworksBuildPhase section */
		F2366BA52B14356A00960392 /* Frameworks */ = {
			isa = PBXFrameworksBuildPhase;
			buildActionMask = 2147483647;
			files = (
				F2366BC12B1494AA00960392 /* Foundation.framework in Frameworks */,
			);
			runOnlyForDeploymentPostprocessing = 0;
		};
/* End PBXFrameworksBuildPhase section */

/* Begin PBXGroup section */
		DB13B15B1849DEB70010F42D = {
			isa = PBXGroup;
			children = (
				F2366BAF2B148DE600960392 /* libffi-umbrella.h */,
				F2366BDA2B157F1000960392 /* darwin_common */,
				F2366BE92B157F1000960392 /* darwin_ios */,
				DB13B1671849DF1E0010F42D /* Products */,
				F2366BBF2B1494AA00960392 /* Frameworks */,
			);
			sourceTree = "<group>";
		};
		DB13B1671849DF1E0010F42D /* Products */ = {
			isa = PBXGroup;
			children = (
				F2366BA82B14356A00960392 /* libffi.framework */,
			);
			name = Products;
			sourceTree = "<group>";
		};
		F2366BBF2B1494AA00960392 /* Frameworks */ = {
			isa = PBXGroup;
			children = (
				F2366BC02B1494AA00960392 /* Foundation.framework */,
			);
			name = Frameworks;
			sourceTree = "<group>";
		};
		F2366BDA2B157F1000960392 /* darwin_common */ = {
			isa = PBXGroup;
			children = (
				F2366BDB2B157F1000960392 /* include */,
				F2366BE12B157F1000960392 /* src */,
			);
			path = darwin_common;
			sourceTree = "<group>";
		};
		F2366BDB2B157F1000960392 /* include */ = {
			isa = PBXGroup;
			children = (
				F2366BDC2B157F1000960392 /* ffitarget.h */,
				F2366BDD2B157F1000960392 /* ffi_common.h */,
				F2366BDE2B157F1000960392 /* fficonfig.h */,
				F2366BDF2B157F1000960392 /* ffi_cfi.h */,
				F2366BE02B157F1000960392 /* ffi.h */,
			);
			path = include;
			sourceTree = "<group>";
		};
		F2366BE12B157F1000960392 /* src */ = {
			isa = PBXGroup;
			children = (
				F2366BE22B157F1000960392 /* closures.c */,
				F2366BE32B157F1000960392 /* prep_cif.c */,
				F2366BE42B157F1000960392 /* debug.c */,
				F2366BE52B157F1000960392 /* types.c */,
				F2366BE62B157F1000960392 /* dlmalloc.c */,
				F2366BE72B157F1000960392 /* java_raw_api.c */,
				F2366BE82B157F1000960392 /* raw_api.c */,
			);
			path = src;
			sourceTree = "<group>";
		};
		F2366BE92B157F1000960392 /* darwin_ios */ = {
			isa = PBXGroup;
			children = (
				F2366BEA2B157F1000960392 /* Empty.swift */,
				F2366BEB2B157F1000960392 /* include */,
				F2366BF82B157F1000960392 /* src */,
			);
			path = darwin_ios;
			sourceTree = "<group>";
		};
		F2366BEB2B157F1000960392 /* include */ = {
			isa = PBXGroup;
			children = (
				F2366BEC2B157F1000960392 /* ffitarget_arm64.h */,
				F2366BED2B157F1000960392 /* ffi_i386.h */,
				F2366BEE2B157F1000960392 /* ffitarget_x86_64.h */,
				F2366BEF2B157F1000960392 /* ffitarget_armv7.h */,
				F2366BF02B157F1000960392 /* ffi_x86_64.h */,
				F2366BF12B157F1000960392 /* ffitarget_i386.h */,
				F2366BF22B157F1000960392 /* fficonfig_x86_64.h */,
				F2366BF32B157F1000960392 /* fficonfig_i386.h */,
				F2366BF42B157F1000960392 /* fficonfig_armv7.h */,
				F2366BF52B157F1000960392 /* fficonfig_arm64.h */,
				F2366BF62B157F1000960392 /* ffi_armv7.h */,
				F2366BF72B157F1000960392 /* ffi_arm64.h */,
			);
			path = include;
			sourceTree = "<group>";
		};
		F2366BF82B157F1000960392 /* src */ = {
			isa = PBXGroup;
			children = (
				F2366BF92B157F1000960392 /* x86 */,
				F2366C032B157F1000960392 /* arm */,
				F2366C072B157F1000960392 /* aarch64 */,
			);
			path = src;
			sourceTree = "<group>";
		};
		F2366BF92B157F1000960392 /* x86 */ = {
			isa = PBXGroup;
			children = (
				F2366BFA2B157F1000960392 /* internal.h */,
				F2366BFB2B157F1000960392 /* sysv_i386.S */,
				F2366BFC2B157F1000960392 /* ffi64_x86_64.c */,
				F2366BFD2B157F1000960392 /* ffiw64_x86_64.c */,
				F2366BFE2B157F1000960392 /* win64_x86_64.S */,
				F2366BFF2B157F1000960392 /* asmnames.h */,
				F2366C002B157F1000960392 /* ffi_i386.c */,
				F2366C012B157F1000960392 /* unix64_x86_64.S */,
				F2366C022B157F1000960392 /* internal64.h */,
			);
			path = x86;
			sourceTree = "<group>";
		};
		F2366C032B157F1000960392 /* arm */ = {
			isa = PBXGroup;
			children = (
				F2366C042B157F1000960392 /* sysv_armv7.S */,
				F2366C052B157F1000960392 /* internal.h */,
				F2366C062B157F1000960392 /* ffi_armv7.c */,
			);
			path = arm;
			sourceTree = "<group>";
		};
		F2366C072B157F1000960392 /* aarch64 */ = {
			isa = PBXGroup;
			children = (
				F2366C082B157F1000960392 /* internal.h */,
				F2366C092B157F1000960392 /* sysv_arm64.S */,
				F2366C0A2B157F1000960392 /* ffi_arm64.c */,
			);
			path = aarch64;
			sourceTree = "<group>";
		};
/* End PBXGroup section */

/* Begin PBXHeadersBuildPhase section */
		F2366BA32B14356A00960392 /* Headers */ = {
			isa = PBXHeadersBuildPhase;
			buildActionMask = 2147483647;
			files = (
				F2366C0F2B157F1000960392 /* ffi.h in Headers */,
				F2366C1F2B157F1000960392 /* fficonfig_i386.h in Headers */,
				F2366C0D2B157F1000960392 /* fficonfig.h in Headers */,
				F2366C222B157F1000960392 /* ffi_armv7.h in Headers */,
				F2366C202B157F1000960392 /* fficonfig_armv7.h in Headers */,
				F2366C182B157F1000960392 /* ffitarget_arm64.h in Headers */,
				F2366C192B157F1000960392 /* ffi_i386.h in Headers */,
				F2366C232B157F1000960392 /* ffi_arm64.h in Headers */,
				F2366C0B2B157F1000960392 /* ffitarget.h in Headers */,
				F2366C0C2B157F1000960392 /* ffi_common.h in Headers */,
				F2366C212B157F1000960392 /* fficonfig_arm64.h in Headers */,
				F2366C1A2B157F1000960392 /* ffitarget_x86_64.h in Headers */,
				F2366C1D2B157F1000960392 /* ffitarget_i386.h in Headers */,
				F2366C1E2B157F1000960392 /* fficonfig_x86_64.h in Headers */,
				F2366C0E2B157F1000960392 /* ffi_cfi.h in Headers */,
				F2366C1B2B157F1000960392 /* ffitarget_armv7.h in Headers */,
				F2366C1C2B157F1000960392 /* ffi_x86_64.h in Headers */,
				F2366C332B15800800960392 /* libffi-umbrella.h in Headers */,
				F2366C242B157F1000960392 /* internal.h in Headers */,
				F2366C2C2B157F1000960392 /* internal64.h in Headers */,
				F2366C302B157F1000960392 /* internal.h in Headers */,
				F2366C292B157F1000960392 /* asmnames.h in Headers */,
				F2366C2E2B157F1000960392 /* internal.h in Headers */,
			);
			runOnlyForDeploymentPostprocessing = 0;
		};
/* End PBXHeadersBuildPhase section */

/* Begin PBXNativeTarget section */
		F2366BA72B14356A00960392 /* libffi */ = {
			isa = PBXNativeTarget;
			buildConfigurationList = F2366BAE2B14356A00960392 /* Build configuration list for PBXNativeTarget "libffi" */;
			buildPhases = (
				F2366BA32B14356A00960392 /* Headers */,
				F2366BA42B14356A00960392 /* Sources */,
				F2366BA52B14356A00960392 /* Frameworks */,
				F2366BA62B14356A00960392 /* Resources */,
			);
			buildRules = (
			);
			dependencies = (
			);
			name = libffi;
			productName = libffi;
			productReference = F2366BA82B14356A00960392 /* libffi.framework */;
			productType = "com.apple.product-type.framework";
		};
/* End PBXNativeTarget section */

/* Begin PBXProject section */
		DB13B15C1849DEB70010F42D /* Project object */ = {
			isa = PBXProject;
			attributes = {
				BuildIndependentTargetsInParallel = YES;
				LastUpgradeCheck = 1500;
				TargetAttributes = {
					F2366BA72B14356A00960392 = {
						CreatedOnToolsVersion = 15.0.1;
					};
				};
			};
			buildConfigurationList = DB13B15F1849DEB70010F42D /* Build configuration list for PBXProject "libffi" */;
			compatibilityVersion = "Xcode 3.2";
			developmentRegion = en;
			hasScannedForEncodings = 0;
			knownRegions = (
				en,
				Base,
			);
			mainGroup = DB13B15B1849DEB70010F42D;
			productRefGroup = DB13B1671849DF1E0010F42D /* Products */;
			projectDirPath = "";
			projectRoot = "";
			targets = (
				F2366BA72B14356A00960392 /* libffi */,
			);
		};
/* End PBXProject section */

/* Begin PBXResourcesBuildPhase section */
		F2366BA62B14356A00960392 /* Resources */ = {
			isa = PBXResourcesBuildPhase;
			buildActionMask = 2147483647;
			files = (
			);
			runOnlyForDeploymentPostprocessing = 0;
		};
/* End PBXResourcesBuildPhase section */

/* Begin PBXSourcesBuildPhase section */
		F2366BA42B14356A00960392 /* Sources */ = {
			isa = PBXSourcesBuildPhase;
			buildActionMask = 2147483647;
			files = (
				F2366C102B157F1000960392 /* closures.c in Sources */,
				F2366C122B157F1000960392 /* debug.c in Sources */,
				F2366C142B157F1000960392 /* dlmalloc.c in Sources */,
				F2366C172B157F1000960392 /* Empty.swift in Sources */,
				F2366C262B157F1000960392 /* ffi64_x86_64.c in Sources */,
				F2366C322B157F1000960392 /* ffi_arm64.c in Sources */,
				F2366C2F2B157F1000960392 /* ffi_armv7.c in Sources */,
				F2366C2A2B157F1000960392 /* ffi_i386.c in Sources */,
				F2366C272B157F1000960392 /* ffiw64_x86_64.c in Sources */,
				F2366C152B157F1000960392 /* java_raw_api.c in Sources */,
				F2366C112B157F1000960392 /* prep_cif.c in Sources */,
				F2366C162B157F1000960392 /* raw_api.c in Sources */,
				F2366C252B157F1000960392 /* sysv_i386.S in Sources */,
				F2366C2D2B157F1000960392 /* sysv_armv7.S in Sources */,
				F2366C312B157F1000960392 /* sysv_arm64.S in Sources */,
				F2366C132B157F1000960392 /* types.c in Sources */,
				F2366C2B2B157F1000960392 /* unix64_x86_64.S in Sources */,
				F2366C282B157F1000960392 /* win64_x86_64.S in Sources */,
			);
			runOnlyForDeploymentPostprocessing = 0;
		};
/* End PBXSourcesBuildPhase section */

/* Begin XCBuildConfiguration section */
		DB13B1601849DEB70010F42D /* Debug */ = {
			isa = XCBuildConfiguration;
			buildSettings = {
				CLANG_ANALYZER_LOCALIZABILITY_NONLOCALIZED = YES;
				CLANG_WARN_BLOCK_CAPTURE_AUTORELEASING = YES;
				CLANG_WARN_BOOL_CONVERSION = YES;
				CLANG_WARN_COMMA = YES;
				CLANG_WARN_CONSTANT_CONVERSION = YES;
				CLANG_WARN_DEPRECATED_OBJC_IMPLEMENTATIONS = YES;
				CLANG_WARN_EMPTY_BODY = YES;
				CLANG_WARN_ENUM_CONVERSION = YES;
				CLANG_WARN_INFINITE_RECURSION = YES;
				CLANG_WARN_INT_CONVERSION = YES;
				CLANG_WARN_NON_LITERAL_NULL_CONVERSION = YES;
				CLANG_WARN_OBJC_IMPLICIT_RETAIN_SELF = YES;
				CLANG_WARN_OBJC_LITERAL_CONVERSION = YES;
				CLANG_WARN_QUOTED_INCLUDE_IN_FRAMEWORK_HEADER = YES;
				CLANG_WARN_RANGE_LOOP_ANALYSIS = YES;
				CLANG_WARN_STRICT_PROTOTYPES = YES;
				CLANG_WARN_SUSPICIOUS_MOVE = YES;
				CLANG_WARN_UNREACHABLE_CODE = YES;
				CLANG_WARN__DUPLICATE_METHOD_MATCH = YES;
				DEAD_CODE_STRIPPING = YES;
				ENABLE_STRICT_OBJC_MSGSEND = YES;
				ENABLE_TESTABILITY = YES;
				ENABLE_USER_SCRIPT_SANDBOXING = YES;
				GCC_NO_COMMON_BLOCKS = YES;
				GCC_WARN_64_TO_32_BIT_CONVERSION = YES;
				GCC_WARN_ABOUT_RETURN_TYPE = YES;
				GCC_WARN_UNDECLARED_SELECTOR = YES;
				GCC_WARN_UNINITIALIZED_AUTOS = YES;
				GCC_WARN_UNUSED_FUNCTION = YES;
				GCC_WARN_UNUSED_VARIABLE = YES;
				HEADER_SEARCH_PATHS = (
					"$(inherited)",
					darwin_common/include,
				);
				IPHONEOS_DEPLOYMENT_TARGET = 14.0;
				ONLY_ACTIVE_ARCH = YES;
			};
			name = Debug;
		};
		DB13B1611849DEB70010F42D /* Release */ = {
			isa = XCBuildConfiguration;
			buildSettings = {
				CLANG_ANALYZER_LOCALIZABILITY_NONLOCALIZED = YES;
				CLANG_WARN_BLOCK_CAPTURE_AUTORELEASING = YES;
				CLANG_WARN_BOOL_CONVERSION = YES;
				CLANG_WARN_COMMA = YES;
				CLANG_WARN_CONSTANT_CONVERSION = YES;
				CLANG_WARN_DEPRECATED_OBJC_IMPLEMENTATIONS = YES;
				CLANG_WARN_EMPTY_BODY = YES;
				CLANG_WARN_ENUM_CONVERSION = YES;
				CLANG_WARN_INFINITE_RECURSION = YES;
				CLANG_WARN_INT_CONVERSION = YES;
				CLANG_WARN_NON_LITERAL_NULL_CONVERSION = YES;
				CLANG_WARN_OBJC_IMPLICIT_RETAIN_SELF = YES;
				CLANG_WARN_OBJC_LITERAL_CONVERSION = YES;
				CLANG_WARN_QUOTED_INCLUDE_IN_FRAMEWORK_HEADER = YES;
				CLANG_WARN_RANGE_LOOP_ANALYSIS = YES;
				CLANG_WARN_STRICT_PROTOTYPES = YES;
				CLANG_WARN_SUSPICIOUS_MOVE = YES;
				CLANG_WARN_UNREACHABLE_CODE = YES;
				CLANG_WARN__DUPLICATE_METHOD_MATCH = YES;
				DEAD_CODE_STRIPPING = YES;
				ENABLE_STRICT_OBJC_MSGSEND = YES;
				ENABLE_USER_SCRIPT_SANDBOXING = YES;
				GCC_NO_COMMON_BLOCKS = YES;
				GCC_WARN_64_TO_32_BIT_CONVERSION = YES;
				GCC_WARN_ABOUT_RETURN_TYPE = YES;
				GCC_WARN_UNDECLARED_SELECTOR = YES;
				GCC_WARN_UNINITIALIZED_AUTOS = YES;
				GCC_WARN_UNUSED_FUNCTION = YES;
				GCC_WARN_UNUSED_VARIABLE = YES;
				HEADER_SEARCH_PATHS = (
					"$(inherited)",
					darwin_common/include,
				);
				IPHONEOS_DEPLOYMENT_TARGET = 14.0;
			};
			name = Release;
		};
		F2366BAC2B14356A00960392 /* Debug */ = {
			isa = XCBuildConfiguration;
			buildSettings = {
				ALWAYS_SEARCH_USER_PATHS = NO;
				ASSETCATALOG_COMPILER_GENERATE_SWIFT_ASSET_SYMBOL_EXTENSIONS = YES;
				BUILD_LIBRARY_FOR_DISTRIBUTION = YES;
				CLANG_ANALYZER_NONNULL = YES;
				CLANG_ANALYZER_NUMBER_OBJECT_CONVERSION = YES_AGGRESSIVE;
				CLANG_CXX_LANGUAGE_STANDARD = "gnu++20";
				CLANG_ENABLE_MODULES = YES;
				CLANG_ENABLE_OBJC_ARC = YES;
				CLANG_ENABLE_OBJC_WEAK = YES;
				CLANG_WARN_DIRECT_OBJC_ISA_USAGE = YES_ERROR;
				CLANG_WARN_DOCUMENTATION_COMMENTS = YES;
				CLANG_WARN_OBJC_ROOT_CLASS = YES_ERROR;
				CLANG_WARN_UNGUARDED_AVAILABILITY = YES_AGGRESSIVE;
				CODE_SIGN_STYLE = Manual;
				COPY_PHASE_STRIP = NO;
				CURRENT_PROJECT_VERSION = 1;
				DEBUG_INFORMATION_FORMAT = dwarf;
				DEFINES_MODULE = YES;
				DEVELOPMENT_TEAM = "";
				DYLIB_COMPATIBILITY_VERSION = 1;
				DYLIB_CURRENT_VERSION = 1;
				DYLIB_INSTALL_NAME_BASE = "@rpath";
				ENABLE_MODULE_VERIFIER = YES;
				GCC_C_LANGUAGE_STANDARD = gnu17;
				GCC_DYNAMIC_NO_PIC = NO;
				GCC_OPTIMIZATION_LEVEL = 0;
				GCC_PREPROCESSOR_DEFINITIONS = (
					"DEBUG=1",
					"$(inherited)",
				);
				GCC_WARN_ABOUT_RETURN_TYPE = YES_ERROR;
				GCC_WARN_UNINITIALIZED_AUTOS = YES_AGGRESSIVE;
				GENERATE_INFOPLIST_FILE = YES;
				INFOPLIST_KEY_NSHumanReadableCopyright = "";
				INSTALL_PATH = "$(LOCAL_LIBRARY_DIR)/Frameworks";
				IPHONEOS_DEPLOYMENT_TARGET = 14.0;
				LD_RUNPATH_SEARCH_PATHS = (
					"$(inherited)",
					"@executable_path/Frameworks",
					"@loader_path/Frameworks",
				);
				LOCALIZATION_PREFERS_STRING_CATALOGS = YES;
				MARKETING_VERSION = 1.0;
				MODULE_VERIFIER_SUPPORTED_LANGUAGES = "objective-c objective-c++";
				MODULE_VERIFIER_SUPPORTED_LANGUAGE_STANDARDS = "gnu17 gnu++20";
				MTL_ENABLE_DEBUG_INFO = INCLUDE_SOURCE;
				MTL_FAST_MATH = YES;
				PRODUCT_BUNDLE_IDENTIFIER = org.libffi.libffi;
				PRODUCT_NAME = "$(TARGET_NAME:c99extidentifier)";
				PROVISIONING_PROFILE_SPECIFIER = "";
				SDKROOT = iphoneos;
				SKIP_INSTALL = YES;
				SUPPORTED_PLATFORMS = "iphoneos iphonesimulator";
				SUPPORTS_MACCATALYST = NO;
				SUPPORTS_MAC_DESIGNED_FOR_IPHONE_IPAD = NO;
				SWIFT_ACTIVE_COMPILATION_CONDITIONS = "DEBUG $(inherited)";
				SWIFT_EMIT_LOC_STRINGS = YES;
				SWIFT_OPTIMIZATION_LEVEL = "-Onone";
				SWIFT_VERSION = 5.0;
				TARGETED_DEVICE_FAMILY = 1;
				VERSIONING_SYSTEM = "apple-generic";
				VERSION_INFO_PREFIX = "";
			};
			name = Debug;
		};
		F2366BAD2B14356A00960392 /* Release */ = {
			isa = XCBuildConfiguration;
			buildSettings = {
				ALWAYS_SEARCH_USER_PATHS = NO;
				ASSETCATALOG_COMPILER_GENERATE_SWIFT_ASSET_SYMBOL_EXTENSIONS = YES;
				BUILD_LIBRARY_FOR_DISTRIBUTION = YES;
				CLANG_ANALYZER_NONNULL = YES;
				CLANG_ANALYZER_NUMBER_OBJECT_CONVERSION = YES_AGGRESSIVE;
				CLANG_CXX_LANGUAGE_STANDARD = "gnu++20";
				CLANG_ENABLE_MODULES = YES;
				CLANG_ENABLE_OBJC_ARC = YES;
				CLANG_ENABLE_OBJC_WEAK = YES;
				CLANG_WARN_DIRECT_OBJC_ISA_USAGE = YES_ERROR;
				CLANG_WARN_DOCUMENTATION_COMMENTS = YES;
				CLANG_WARN_OBJC_ROOT_CLASS = YES_ERROR;
				CLANG_WARN_UNGUARDED_AVAILABILITY = YES_AGGRESSIVE;
				CODE_SIGN_STYLE = Manual;
				COPY_PHASE_STRIP = NO;
				CURRENT_PROJECT_VERSION = 1;
				DEBUG_INFORMATION_FORMAT = "dwarf-with-dsym";
				DEFINES_MODULE = YES;
				DEVELOPMENT_TEAM = "";
				DYLIB_COMPATIBILITY_VERSION = 1;
				DYLIB_CURRENT_VERSION = 1;
				DYLIB_INSTALL_NAME_BASE = "@rpath";
				ENABLE_MODULE_VERIFIER = YES;
				ENABLE_NS_ASSERTIONS = NO;
				GCC_C_LANGUAGE_STANDARD = gnu17;
				GCC_WARN_ABOUT_RETURN_TYPE = YES_ERROR;
				GCC_WARN_UNINITIALIZED_AUTOS = YES_AGGRESSIVE;
				GENERATE_INFOPLIST_FILE = YES;
				INFOPLIST_KEY_NSHumanReadableCopyright = "";
				INSTALL_PATH = "$(LOCAL_LIBRARY_DIR)/Frameworks";
				IPHONEOS_DEPLOYMENT_TARGET = 14.0;
				LD_RUNPATH_SEARCH_PATHS = (
					"$(inherited)",
					"@executable_path/Frameworks",
					"@loader_path/Frameworks",
				);
				LOCALIZATION_PREFERS_STRING_CATALOGS = YES;
				MARKETING_VERSION = 1.0;
				MODULE_VERIFIER_SUPPORTED_LANGUAGES = "objective-c objective-c++";
				MODULE_VERIFIER_SUPPORTED_LANGUAGE_STANDARDS = "gnu17 gnu++20";
				MTL_ENABLE_DEBUG_INFO = NO;
				MTL_FAST_MATH = YES;
				PRODUCT_BUNDLE_IDENTIFIER = org.libffi.libffi;
				PRODUCT_NAME = "$(TARGET_NAME:c99extidentifier)";
				PROVISIONING_PROFILE_SPECIFIER = "";
				SDKROOT = iphoneos;
				SKIP_INSTALL = YES;
				SUPPORTED_PLATFORMS = "iphoneos iphonesimulator";
				SUPPORTS_MACCATALYST = NO;
				SUPPORTS_MAC_DESIGNED_FOR_IPHONE_IPAD = NO;
				SWIFT_COMPILATION_MODE = wholemodule;
				SWIFT_EMIT_LOC_STRINGS = YES;
				SWIFT_VERSION = 5.0;
				TARGETED_DEVICE_FAMILY = 1;
				VALIDATE_PRODUCT = YES;
				VERSIONING_SYSTEM = "apple-generic";
				VERSION_INFO_PREFIX = "";
			};
			name = Release;
		};
/* End XCBuildConfiguration section */

/* Begin XCConfigurationList section */
		DB13B15F1849DEB70010F42D /* Build configuration list for PBXProject "libffi" */ = {
			isa = XCConfigurationList;
			buildConfigurations = (
				DB13B1601849DEB70010F42D /* Debug */,
				DB13B1611849DEB70010F42D /* Release */,
			);
			defaultConfigurationIsVisible = 0;
			defaultConfigurationName = Release;
		};
		F2366BAE2B14356A00960392 /* Build configuration list for PBXNativeTarget "libffi" */ = {
			isa = XCConfigurationList;
			buildConfigurations = (
				F2366BAC2B14356A00960392 /* Debug */,
				F2366BAD2B14356A00960392 /* Release */,
			);
			defaultConfigurationIsVisible = 0;
			defaultConfigurationName = Release;
		};
/* End XCConfigurationList section */
	};
	rootObject = DB13B15C1849DEB70010F42D /* Project object */;
}
